
Microsoft Visual Studio Solution File, Format Version 12.00
# Visual Studio 15
VisualStudioVersion = 15.0.27130.2026
MinimumVisualStudioVersion = 10.0.40219.1
Project("{FAE04EC0-301F-11D3-BF4B-00C04F79EFBC}") = "sdev460", "sdev460\sdev460.csproj", "{1F53C042-0127-4B42-885B-A7E1F08BBB28}"
EndProject
Project("{FAE04EC0-301F-11D3-BF4B-00C04F79EFBC}") = "sdev460Tests1", "sdev460Tests1\sdev460Tests1.csproj", "{687B7F0A-C557-4024-87C9-81ACF6F37D39}"
EndProject
Global
	GlobalSection(SolutionConfigurationPlatforms) = preSolution
		Debug|Any CPU = Debug|Any CPU
		Release|Any CPU = Release|Any CPU
	EndGlobalSection
	GlobalSection(ProjectConfigurationPlatforms) = postSolution
		{1F53C042-0127-4B42-885B-A7E1F08BBB28}.Debug|Any CPU.ActiveCfg = Debug|Any CPU
		{1F53C042-0127-4B42-885B-A7E1F08BBB28}.Debug|Any CPU.Build.0 = Debug|Any CPU
		{1F53C042-0127-4B42-885B-A7E1F08BBB28}.Release|Any CPU.ActiveCfg = Release|Any CPU
		{1F53C042-0127-4B42-885B-A7E1F08BBB28}.Release|Any CPU.Build.0 = Release|Any CPU
		{687B7F0A-C557-4024-87C9-81ACF6F37D39}.Debug|Any CPU.ActiveCfg = Debug|Any CPU
		{687B7F0A-C557-4024-87C9-81ACF6F37D39}.Debug|Any CPU.Build.0 = Debug|Any CPU
		{687B7F0A-C557-4024-87C9-81ACF6F37D39}.Release|Any CPU.ActiveCfg = Release|Any CPU
		{687B7F0A-C557-4024-87C9-81ACF6F37D39}.Release|Any CPU.Build.0 = Release|Any CPU
	EndGlobalSection
	GlobalSection(SolutionProperties) = preSolution
		HideSolutionNode = FALSE
	EndGlobalSection
	GlobalSection(ExtensibilityGlobals) = postSolution
		SolutionGuid = {D53E1A72-E730-47DA-8FA6-D5BAA753E03B}
	EndGlobalSection
EndGlobal
